{
  "originHash" : "1276c127f093c2efdf8e6a8c80c6a6add3a0f1e7f214157190239dd4331349d2",
  "pins" : [
    {
      "identity" : "alamofire",
      "kind" : "remoteSourceControl",
      "location" : "https://github.com/Alamofire/Alamofire",
      "state" : {
        "revision" : "7595cbcf59809f9977c5f6378500de2ad73b7ddb",
        "version" : "5.12.0"
      }
    },
    {
      "identity" : "charts",
      "kind" : "remoteSourceControl",
      "location" : "https://github.com/ChartsOrg/Charts",
      "state" : {
        "revision" : "dd9c72e3d7e751e769971092a6bd72d39198ae63",
        "version" : "5.1.0"
      }
    },
    {
      "identity" : "signalr-client-swift",
      "kind" : "remoteSourceControl",
      "location" : "https://github.com/moozzyk/SignalR-Client-Swift",
      "state" : {
        "revision" : "a5aca80a4de24cc59bb51a1a9c7242960422b9b3",
        "version" : "1.2.1"
      }
    },
    {
      "identity" : "snapkit",
      "kind" : "remoteSourceControl",
      "location" : "https://github.com/SnapKit/SnapKit.git",
      "state" : {
        "revision" : "e27a338a03a5f388de759da63f9baf7988ed9e00",
        "version" : "6.0.0"
      }
    }
  ],
  "version" : 3
}
